
Microsoft Visual Studio Solution File, Format Version 12.00
# Visual Studio 2013
VisualStudioVersion = 12.0.31101.0
MinimumVisualStudioVersion = 10.0.40219.1
Project("{2150E333-8FDC-42A3-9474-1A3956D46DE8}") = "Solution Items", "Solution Items", "{B1A98C33-24D8-4E3D-ABF0-183D64BA57DC}"
	ProjectSection(SolutionItems) = preProject
		githubds.html = githubds.html
		index.html = index.html
		README.md = README.md
	EndProjectSection
EndProject
Project("{2150E333-8FDC-42A3-9474-1A3956D46DE8}") = "Controllers", "Controllers", "{47E418FA-03BF-45C1-A0B8-40DF994D0A3F}"
	ProjectSection(SolutionItems) = preProject
		Controllers\githubdsController.js = Controllers\githubdsController.js
		Controllers\homeController.js = Controllers\homeController.js
	EndProjectSection
EndProject
Project("{2150E333-8FDC-42A3-9474-1A3956D46DE8}") = "Css", "Css", "{48156552-8EB9-4849-94BD-022428C3EAD0}"
	ProjectSection(SolutionItems) = preProject
		Css\ng-ngrid.css = Css\ng-ngrid.css
	EndProjectSection
EndProject
Project("{2150E333-8FDC-42A3-9474-1A3956D46DE8}") = "Modules", "Modules", "{7CECAA1E-1C81-447B-BDAD-03048E2DD2C9}"
	ProjectSection(SolutionItems) = preProject
		Modules\ng-ngrid.js = Modules\ng-ngrid.js
	EndProjectSection
EndProject
Project("{2150E333-8FDC-42A3-9474-1A3956D46DE8}") = "Templates", "Templates", "{66349F03-E432-4974-AF1E-E6608AB0CB86}"
	ProjectSection(SolutionItems) = preProject
		Templates\NgNgridTemplate.html = Templates\NgNgridTemplate.html
	EndProjectSection
EndProject
Global
	GlobalSection(SolutionProperties) = preSolution
		HideSolutionNode = FALSE
	EndGlobalSection
	GlobalSection(NestedProjects) = preSolution
		{47E418FA-03BF-45C1-A0B8-40DF994D0A3F} = {B1A98C33-24D8-4E3D-ABF0-183D64BA57DC}
		{48156552-8EB9-4849-94BD-022428C3EAD0} = {B1A98C33-24D8-4E3D-ABF0-183D64BA57DC}
		{7CECAA1E-1C81-447B-BDAD-03048E2DD2C9} = {B1A98C33-24D8-4E3D-ABF0-183D64BA57DC}
		{66349F03-E432-4974-AF1E-E6608AB0CB86} = {B1A98C33-24D8-4E3D-ABF0-183D64BA57DC}
	EndGlobalSection
EndGlobal
